
Microsoft Visual Studio Solution File, Format Version 12.00
# Visual Studio Version 16
VisualStudioVersion = 16.0.30128.36
MinimumVisualStudioVersion = 10.0.40219.1
Project("{FAE04EC0-301F-11D3-BF4B-00C04F79EFBC}") = "BlazorApp1", "BlazorApp1\BlazorApp1.csproj", "{86C21ED1-7E00-4D1E-BB49-ABF92CC1D222}"
EndProject
Global
	GlobalSection(SolutionConfigurationPlatforms) = preSolution
		Debug|Any CPU = Debug|Any CPU
		Release|Any CPU = Release|Any CPU
	EndGlobalSection
	GlobalSection(ProjectConfigurationPlatforms) = postSolution
		{86C21ED1-7E00-4D1E-BB49-ABF92CC1D222}.Debug|Any CPU.ActiveCfg = Debug|Any CPU
		{86C21ED1-7E00-4D1E-BB49-ABF92CC1D222}.Debug|Any CPU.Build.0 = Debug|Any CPU
		{86C21ED1-7E00-4D1E-BB49-ABF92CC1D222}.Release|Any CPU.ActiveCfg = Release|Any CPU
		{86C21ED1-7E00-4D1E-BB49-ABF92CC1D222}.Release|Any CPU.Build.0 = Release|Any CPU
	EndGlobalSection
	GlobalSection(SolutionProperties) = preSolution
		HideSolutionNode = FALSE
	EndGlobalSection
	GlobalSection(ExtensibilityGlobals) = postSolution
		SolutionGuid = {69AFC8AD-A89B-411B-B59A-2A340F316060}
	EndGlobalSection
EndGlobal
